
Microsoft Visual Studio Solution File, Format Version 12.00
# Visual Studio 15
VisualStudioVersion = 15.0.27004.2008
MinimumVisualStudioVersion = 10.0.40219.1
Project("{FAE04EC0-301F-11D3-BF4B-00C04F79EFBC}") = "TodoApp.WebApiCore", "TodoApp.WebApiCore\TodoApp.WebApiCore.csproj", "{FD556BD8-EF52-40A9-B837-27F9EF8817F3}"
EndProject
Project("{2150E333-8FDC-42A3-9474-1A3956D46DE8}") = "Clients", "Clients", "{8CF080F2-0BA9-4AD3-B2DF-21FBD0B2139D}"
EndProject
Project("{FAE04EC0-301F-11D3-BF4B-00C04F79EFBC}") = "TodoApp.Angular", "TodoApp.Angular\TodoApp.Angular.csproj", "{32943152-3B95-45F5-919A-D5352008C9CF}"
EndProject
Global
	GlobalSection(SolutionConfigurationPlatforms) = preSolution
		Debug|Any CPU = Debug|Any CPU
		Release|Any CPU = Release|Any CPU
	EndGlobalSection
	GlobalSection(ProjectConfigurationPlatforms) = postSolution
		{FD556BD8-EF52-40A9-B837-27F9EF8817F3}.Debug|Any CPU.ActiveCfg = Debug|Any CPU
		{FD556BD8-EF52-40A9-B837-27F9EF8817F3}.Debug|Any CPU.Build.0 = Debug|Any CPU
		{FD556BD8-EF52-40A9-B837-27F9EF8817F3}.Release|Any CPU.ActiveCfg = Release|Any CPU
		{FD556BD8-EF52-40A9-B837-27F9EF8817F3}.Release|Any CPU.Build.0 = Release|Any CPU
		{32943152-3B95-45F5-919A-D5352008C9CF}.Debug|Any CPU.ActiveCfg = Debug|Any CPU
		{32943152-3B95-45F5-919A-D5352008C9CF}.Debug|Any CPU.Build.0 = Debug|Any CPU
		{32943152-3B95-45F5-919A-D5352008C9CF}.Release|Any CPU.ActiveCfg = Release|Any CPU
		{32943152-3B95-45F5-919A-D5352008C9CF}.Release|Any CPU.Build.0 = Release|Any CPU
	EndGlobalSection
	GlobalSection(SolutionProperties) = preSolution
		HideSolutionNode = FALSE
	EndGlobalSection
	GlobalSection(NestedProjects) = preSolution
		{32943152-3B95-45F5-919A-D5352008C9CF} = {8CF080F2-0BA9-4AD3-B2DF-21FBD0B2139D}
	EndGlobalSection
	GlobalSection(ExtensibilityGlobals) = postSolution
		SolutionGuid = {B0DF9BFA-7F41-4E17-B91E-78902E4029FD}
	EndGlobalSection
EndGlobal
